
Microsoft Visual Studio Solution File, Format Version 12.00
# Visual Studio Version 16
VisualStudioVersion = 16.0.30204.135
MinimumVisualStudioVersion = 10.0.40219.1
Project("{FAE04EC0-301F-11D3-BF4B-00C04F79EFBC}") = "BriveAppMVC", "BriveAppMVC\BriveAppMVC.csproj", "{FC7BFA86-19FC-4E64-8505-D3A25069FE07}"
EndProject
Global
	GlobalSection(SolutionConfigurationPlatforms) = preSolution
		Debug|Any CPU = Debug|Any CPU
		Release|Any CPU = Release|Any CPU
	EndGlobalSection
	GlobalSection(ProjectConfigurationPlatforms) = postSolution
		{FC7BFA86-19FC-4E64-8505-D3A25069FE07}.Debug|Any CPU.ActiveCfg = Debug|Any CPU
		{FC7BFA86-19FC-4E64-8505-D3A25069FE07}.Debug|Any CPU.Build.0 = Debug|Any CPU
		{FC7BFA86-19FC-4E64-8505-D3A25069FE07}.Release|Any CPU.ActiveCfg = Release|Any CPU
		{FC7BFA86-19FC-4E64-8505-D3A25069FE07}.Release|Any CPU.Build.0 = Release|Any CPU
	EndGlobalSection
	GlobalSection(SolutionProperties) = preSolution
		HideSolutionNode = FALSE
	EndGlobalSection
	GlobalSection(ExtensibilityGlobals) = postSolution
		SolutionGuid = {3B665A4A-AAF6-4506-9E3B-BB4F5152DC1D}
	EndGlobalSection
EndGlobal
