
Microsoft Visual Studio Solution File, Format Version 12.00
# Visual Studio Version 16
VisualStudioVersion = 16.0.30204.135
MinimumVisualStudioVersion = 10.0.40219.1
Project("{FAE04EC0-301F-11D3-BF4B-00C04F79EFBC}") = "Brive.Inventory.API", "Brive.Inventory.API\Brive.Inventory.API.csproj", "{6AC1E630-A348-4819-99D3-00A2C83AF045}"
EndProject
Project("{FAE04EC0-301F-11D3-BF4B-00C04F79EFBC}") = "Brive.Inventory.Entities", "Brive.Inventory.Entities\Brive.Inventory.Entities.csproj", "{6222F51F-845F-4F57-8E12-F4A118649FF8}"
EndProject
Project("{FAE04EC0-301F-11D3-BF4B-00C04F79EFBC}") = "Brive.Inventory.BusinessLogic", "Brive.Inventory.BusinessLogic\Brive.Inventory.BusinessLogic.csproj", "{CC71B830-57E8-4562-AD1D-530730725568}"
EndProject
Project("{FAE04EC0-301F-11D3-BF4B-00C04F79EFBC}") = "Brive.Inventory.DataAccess", "Brive.Inventory.DataAccess\Brive.Inventory.DataAccess.csproj", "{6F28DBEB-0DC2-4A86-9918-DBAACBB952C1}"
EndProject
Project("{FAE04EC0-301F-11D3-BF4B-00C04F79EFBC}") = "Brive.Inventory.Framework", "Brive.Inventory.Framework\Brive.Inventory.Framework.csproj", "{F9B172F0-1ABC-42E2-AFE6-1EB16DE1D19B}"
EndProject
Global
	GlobalSection(SolutionConfigurationPlatforms) = preSolution
		Debug|Any CPU = Debug|Any CPU
		Release|Any CPU = Release|Any CPU
	EndGlobalSection
	GlobalSection(ProjectConfigurationPlatforms) = postSolution
		{6AC1E630-A348-4819-99D3-00A2C83AF045}.Debug|Any CPU.ActiveCfg = Debug|Any CPU
		{6AC1E630-A348-4819-99D3-00A2C83AF045}.Debug|Any CPU.Build.0 = Debug|Any CPU
		{6AC1E630-A348-4819-99D3-00A2C83AF045}.Release|Any CPU.ActiveCfg = Release|Any CPU
		{6AC1E630-A348-4819-99D3-00A2C83AF045}.Release|Any CPU.Build.0 = Release|Any CPU
		{6222F51F-845F-4F57-8E12-F4A118649FF8}.Debug|Any CPU.ActiveCfg = Debug|Any CPU
		{6222F51F-845F-4F57-8E12-F4A118649FF8}.Debug|Any CPU.Build.0 = Debug|Any CPU
		{6222F51F-845F-4F57-8E12-F4A118649FF8}.Release|Any CPU.ActiveCfg = Release|Any CPU
		{6222F51F-845F-4F57-8E12-F4A118649FF8}.Release|Any CPU.Build.0 = Release|Any CPU
		{CC71B830-57E8-4562-AD1D-530730725568}.Debug|Any CPU.ActiveCfg = Debug|Any CPU
		{CC71B830-57E8-4562-AD1D-530730725568}.Debug|Any CPU.Build.0 = Debug|Any CPU
		{CC71B830-57E8-4562-AD1D-530730725568}.Release|Any CPU.ActiveCfg = Release|Any CPU
		{CC71B830-57E8-4562-AD1D-530730725568}.Release|Any CPU.Build.0 = Release|Any CPU
		{6F28DBEB-0DC2-4A86-9918-DBAACBB952C1}.Debug|Any CPU.ActiveCfg = Debug|Any CPU
		{6F28DBEB-0DC2-4A86-9918-DBAACBB952C1}.Debug|Any CPU.Build.0 = Debug|Any CPU
		{6F28DBEB-0DC2-4A86-9918-DBAACBB952C1}.Release|Any CPU.ActiveCfg = Release|Any CPU
		{6F28DBEB-0DC2-4A86-9918-DBAACBB952C1}.Release|Any CPU.Build.0 = Release|Any CPU
		{F9B172F0-1ABC-42E2-AFE6-1EB16DE1D19B}.Debug|Any CPU.ActiveCfg = Debug|Any CPU
		{F9B172F0-1ABC-42E2-AFE6-1EB16DE1D19B}.Debug|Any CPU.Build.0 = Debug|Any CPU
		{F9B172F0-1ABC-42E2-AFE6-1EB16DE1D19B}.Release|Any CPU.ActiveCfg = Release|Any CPU
		{F9B172F0-1ABC-42E2-AFE6-1EB16DE1D19B}.Release|Any CPU.Build.0 = Release|Any CPU
	EndGlobalSection
	GlobalSection(SolutionProperties) = preSolution
		HideSolutionNode = FALSE
	EndGlobalSection
	GlobalSection(ExtensibilityGlobals) = postSolution
		SolutionGuid = {E36FAAA6-882A-43F5-8F55-1A498622979B}
	EndGlobalSection
EndGlobal
